PODS:
  - applovin_max (4.5.2):
    - AppLovinSDK (= 13.4.0)
    - Flutter
  - AppLovinSDK (13.4.0)
  - Flutter (1.0.0)
  - integration_test (0.0.1):
    - Flutter
  - nefta_sdk_flutter (4.4.2):
    - Flutter
    - NeftaSDK (= 4.4.2)
  - NeftaSDK (4.4.2)

DEPENDENCIES:
  - applovin_max (from `.symlinks/plugins/applovin_max/ios`)
  - Flutter (from `Flutter`)
  - integration_test (from `.symlinks/plugins/integration_test/ios`)
  - nefta_sdk_flutter (from `.symlinks/plugins/nefta_sdk_flutter/ios`)

SPEC REPOS:
  trunk:
    - AppLovinSDK
    - NeftaSDK

EXTERNAL SOURCES:
  applovin_max:
    :path: ".symlinks/plugins/applovin_max/ios"
  Flutter:
    :path: Flutter
  integration_test:
    :path: ".symlinks/plugins/integration_test/ios"
  nefta_sdk_flutter:
    :path: ".symlinks/plugins/nefta_sdk_flutter/ios"

SPEC CHECKSUMS:
  applovin_max: 1608d5632db69958b12eac2310f47ea388e1bd39
  AppLovinSDK: 33fcc783889e2d522ae26886b31e5551246a5b2f
  Flutter: e0871f40cf51350855a761d2e70bf5af5b9b5de7
  integration_test: 252f60fa39af5e17c3aa9899d35d908a0721b573
  nefta_sdk_flutter: 176fac6869007b14cb398e1582f2852d27869173
  NeftaSDK: 67eff7f5d7255b1a4072c071cf087c53c7f88f2f

PODFILE CHECKSUM: 4305caec6b40dde0ae97be1573c53de1882a07e5

COCOAPODS: 1.16.2
